# This file is automatically @generated by Cargo.
# It is not intended for manual editing.
[[package]]
name = "aho-corasick"
version = "0.5.3"
source = "registry+https://github.com/rust-lang/crates.io-index"
checksum = "ca972c2ea5f742bfce5687b9aef75506a764f61d37f8f649047846a9686ddb66"
dependencies = [
 "memchr 0.1.11",
]

[[package]]
name = "aho-corasick"
version = "0.7.13"
source = "registry+https://github.com/rust-lang/crates.io-index"
checksum = "043164d8ba5c4c3035fec9bbee8647c0261d788f3474306f93bb65901cae0e86"
dependencies = [
 "memchr 2.3.3",
]

[[package]]
name = "bitflags"
version = "0.7.0"
source = "registry+https://github.com/rust-lang/crates.io-index"
checksum = "aad18937a628ec6abcd26d1489012cc0e18c21798210f491af69ded9b881106d"

[[package]]
name = "bitflags"
version = "1.2.1"
source = "registry+https://github.com/rust-lang/crates.io-index"
checksum = "cf1de2fe8c75bc145a2f577add951f8134889b4795d47466a54a5c846d691693"

[[package]]
name = "cfg-if"
version = "0.1.10"
source = "registry+https://github.com/rust-lang/crates.io-index"
checksum = "4785bdd1c96b2a846b2bd7cc02e86b6b3dbf14e7e53446c4f54c92a361040822"

[[package]]
name = "cloudabi"
version = "0.1.0"
source = "registry+https://github.com/rust-lang/crates.io-index"
checksum = "4344512281c643ae7638bbabc3af17a11307803ec8f0fcad9fae512a8bf36467"
dependencies = [
 "bitflags 1.2.1",
]

[[package]]
name = "either"
version = "1.6.0"
source = "registry+https://github.com/rust-lang/crates.io-index"
checksum = "cd56b59865bce947ac5958779cfa508f6c3b9497cc762b7e24a12d11ccde2c4f"

[[package]]
name = "gcc"
version = "0.3.55"
source = "registry+https://github.com/rust-lang/crates.io-index"
checksum = "8f5f3913fa0bfe7ee1fd8248b6b9f42a5af4b9d65ec2dd2c3c26132b950ecfc2"

[[package]]
name = "inkwell"
version = "0.1.0"
source = "git+https://github.com/TheDan64/inkwell?branch=llvm3-7#852d62031dbbeb2fa89d41eb7d973ea5141c4488"
dependencies = [
 "either",
 "inkwell_internals",
 "libc",
 "llvm-sys",
 "once_cell",
 "parking_lot",
 "regex 1.3.9",
]

[[package]]
name = "inkwell_internals"
version = "0.2.0"
source = "git+https://github.com/TheDan64/inkwell?branch=llvm3-7#852d62031dbbeb2fa89d41eb7d973ea5141c4488"
dependencies = [
 "proc-macro2",
 "quote",
 "syn",
]

[[package]]
name = "instant"
version = "0.1.6"
source = "registry+https://github.com/rust-lang/crates.io-index"
checksum = "5b141fdc7836c525d4d594027d318c84161ca17aaf8113ab1f81ab93ae897485"

[[package]]
name = "kernel32-sys"
version = "0.2.2"
source = "registry+https://github.com/rust-lang/crates.io-index"
checksum = "7507624b29483431c0ba2d82aece8ca6cdba9382bff4ddd0f7490560c056098d"
dependencies = [
 "winapi 0.2.8",
 "winapi-build",
]

[[package]]
name = "lazy_static"
version = "0.2.11"
source = "registry+https://github.com/rust-lang/crates.io-index"
checksum = "76f033c7ad61445c5b347c7382dd1237847eb1bce590fe50365dcb33d546be73"

[[package]]
name = "lazy_static"
version = "1.4.0"
source = "registry+https://github.com/rust-lang/crates.io-index"
checksum = "e2abad23fbc42b3700f2f279844dc832adb2b2eb069b2df918f455c4e18cc646"

[[package]]
name = "lelex"
version = "0.1.0"
source = "git+https://github.com/garebareDA/lelex#584b75c835a6cb81a04d0893856e3d31ec89bd31"
dependencies = [
 "regex 1.3.9",
]

[[package]]
name = "libc"
version = "0.2.76"
source = "registry+https://github.com/rust-lang/crates.io-index"
checksum = "755456fae044e6fa1ebbbd1b3e902ae19e73097ed4ed87bb79934a867c007bc3"

[[package]]
name = "llvm-sys"
version = "37.2.0"
source = "registry+https://github.com/rust-lang/crates.io-index"
checksum = "696d56777656870186d58b45bdcab156f440b4b6a513ee020706d7385887b58d"
dependencies = [
 "bitflags 0.7.0",
 "gcc",
 "lazy_static 0.2.11",
 "libc",
 "regex 0.1.80",
 "semver",
]

[[package]]
name = "lock_api"
version = "0.4.1"
source = "registry+https://github.com/rust-lang/crates.io-index"
checksum = "28247cc5a5be2f05fbcd76dd0cf2c7d3b5400cb978a28042abcd4fa0b3f8261c"
dependencies = [
 "scopeguard",
]

[[package]]
name = "memchr"
version = "0.1.11"
source = "registry+https://github.com/rust-lang/crates.io-index"
checksum = "d8b629fb514376c675b98c1421e80b151d3817ac42d7c667717d282761418d20"
dependencies = [
 "libc",
]

[[package]]
name = "memchr"
version = "2.3.3"
source = "registry+https://github.com/rust-lang/crates.io-index"
checksum = "3728d817d99e5ac407411fa471ff9800a778d88a24685968b36824eaf4bee400"

[[package]]
name = "once_cell"
version = "1.4.1"
source = "registry+https://github.com/rust-lang/crates.io-index"
checksum = "260e51e7efe62b592207e9e13a68e43692a7a279171d6ba57abd208bf23645ad"

[[package]]
name = "parking_lot"
version = "0.11.0"
source = "registry+https://github.com/rust-lang/crates.io-index"
checksum = "a4893845fa2ca272e647da5d0e46660a314ead9c2fdd9a883aabc32e481a8733"
dependencies = [
 "instant",
 "lock_api",
 "parking_lot_core",
]

[[package]]
name = "parking_lot_core"
version = "0.8.0"
source = "registry+https://github.com/rust-lang/crates.io-index"
checksum = "c361aa727dd08437f2f1447be8b59a33b0edd15e0fcee698f935613d9efbca9b"
dependencies = [
 "cfg-if",
 "cloudabi",
 "instant",
 "libc",
 "redox_syscall",
 "smallvec",
 "winapi 0.3.9",
]

[[package]]
name = "proc-macro2"
version = "1.0.19"
source = "registry+https://github.com/rust-lang/crates.io-index"
checksum = "04f5f085b5d71e2188cb8271e5da0161ad52c3f227a661a3c135fdf28e258b12"
dependencies = [
 "unicode-xid",
]

[[package]]
name = "quote"
version = "1.0.7"
source = "registry+https://github.com/rust-lang/crates.io-index"
checksum = "aa563d17ecb180e500da1cfd2b028310ac758de548efdd203e18f283af693f37"
dependencies = [
 "proc-macro2",
]

[[package]]
name = "redox_syscall"
version = "0.1.57"
source = "registry+https://github.com/rust-lang/crates.io-index"
checksum = "41cc0f7e4d5d4544e8861606a285bb08d3e70712ccc7d2b84d7c0ccfaf4b05ce"

[[package]]
name = "regex"
version = "0.1.80"
source = "registry+https://github.com/rust-lang/crates.io-index"
checksum = "4fd4ace6a8cf7860714a2c2280d6c1f7e6a413486c13298bbc86fd3da019402f"
dependencies = [
 "aho-corasick 0.5.3",
 "memchr 0.1.11",
 "regex-syntax 0.3.9",
 "thread_local 0.2.7",
 "utf8-ranges",
]

[[package]]
name = "regex"
version = "1.3.9"
source = "registry+https://github.com/rust-lang/crates.io-index"
checksum = "9c3780fcf44b193bc4d09f36d2a3c87b251da4a046c87795a0d35f4f927ad8e6"
dependencies = [
 "aho-corasick 0.7.13",
 "memchr 2.3.3",
 "regex-syntax 0.6.18",
 "thread_local 1.0.1",
]

[[package]]
name = "regex-syntax"
version = "0.3.9"
source = "registry+https://github.com/rust-lang/crates.io-index"
checksum = "f9ec002c35e86791825ed294b50008eea9ddfc8def4420124fbc6b08db834957"

[[package]]
name = "regex-syntax"
version = "0.6.18"
source = "registry+https://github.com/rust-lang/crates.io-index"
checksum = "26412eb97c6b088a6997e05f69403a802a92d520de2f8e63c2b65f9e0f47c4e8"

[[package]]
name = "scopeguard"
version = "1.1.0"
source = "registry+https://github.com/rust-lang/crates.io-index"
checksum = "d29ab0c6d3fc0ee92fe66e2d99f700eab17a8d57d1c1d3b748380fb20baa78cd"

[[package]]
name = "semver"
version = "0.4.1"
source = "registry+https://github.com/rust-lang/crates.io-index"
checksum = "ca1c06afc03e8a202bc5c1db01524cceb7e1b1ca062d959d83a61b20d76e394e"
dependencies = [
 "semver-parser",
]

[[package]]
name = "semver-parser"
version = "0.6.2"
source = "registry+https://github.com/rust-lang/crates.io-index"
checksum = "d8fff3c9c5a54636ab95acd8c1349926e04cb1eb8cd70b5adced8a1d1f703a67"
dependencies = [
 "lazy_static 0.2.11",
 "regex 0.1.80",
]

[[package]]
name = "smallvec"
version = "1.4.2"
source = "registry+https://github.com/rust-lang/crates.io-index"
checksum = "fbee7696b84bbf3d89a1c2eccff0850e3047ed46bfcd2e92c29a2d074d57e252"

[[package]]
name = "syn"
version = "1.0.39"
source = "registry+https://github.com/rust-lang/crates.io-index"
checksum = "891d8d6567fe7c7f8835a3a98af4208f3846fba258c1bc3c31d6e506239f11f9"
dependencies = [
 "proc-macro2",
 "quote",
 "unicode-xid",
]

[[package]]
name = "thread-id"
version = "2.0.0"
source = "registry+https://github.com/rust-lang/crates.io-index"
checksum = "a9539db560102d1cef46b8b78ce737ff0bb64e7e18d35b2a5688f7d097d0ff03"
dependencies = [
 "kernel32-sys",
 "libc",
]

[[package]]
name = "thread_local"
version = "0.2.7"
source = "registry+https://github.com/rust-lang/crates.io-index"
checksum = "8576dbbfcaef9641452d5cf0df9b0e7eeab7694956dd33bb61515fb8f18cfdd5"
dependencies = [
 "thread-id",
]

[[package]]
name = "thread_local"
version = "1.0.1"
source = "registry+https://github.com/rust-lang/crates.io-index"
checksum = "d40c6d1b69745a6ec6fb1ca717914848da4b44ae29d9b3080cbee91d72a69b14"
dependencies = [
 "lazy_static 1.4.0",
]

[[package]]
name = "umbrella"
version = "0.1.0"
dependencies = [
 "inkwell",
 "lelex",
]

[[package]]
name = "unicode-xid"
version = "0.2.1"
source = "registry+https://github.com/rust-lang/crates.io-index"
checksum = "f7fe0bb3479651439c9112f72b6c505038574c9fbb575ed1bf3b797fa39dd564"

[[package]]
name = "utf8-ranges"
version = "0.1.3"
source = "registry+https://github.com/rust-lang/crates.io-index"
checksum = "a1ca13c08c41c9c3e04224ed9ff80461d97e121589ff27c753a16cb10830ae0f"

[[package]]
name = "winapi"
version = "0.2.8"
source = "registry+https://github.com/rust-lang/crates.io-index"
checksum = "167dc9d6949a9b857f3451275e911c3f44255842c1f7a76f33c55103a909087a"

[[package]]
name = "winapi"
version = "0.3.9"
source = "registry+https://github.com/rust-lang/crates.io-index"
checksum = "5c839a674fcd7a98952e593242ea400abe93992746761e38641405d28b00f419"
dependencies = [
 "winapi-i686-pc-windows-gnu",
 "winapi-x86_64-pc-windows-gnu",
]

[[package]]
name = "winapi-build"
version = "0.1.1"
source = "registry+https://github.com/rust-lang/crates.io-index"
checksum = "2d315eee3b34aca4797b2da6b13ed88266e6d612562a0c46390af8299fc699bc"

[[package]]
name = "winapi-i686-pc-windows-gnu"
version = "0.4.0"
source = "registry+https://github.com/rust-lang/crates.io-index"
checksum = "ac3b87c63620426dd9b991e5ce0329eff545bccbbb34f3be09ff6fb6ab51b7b6"

[[package]]
name = "winapi-x86_64-pc-windows-gnu"
version = "0.4.0"
source = "registry+https://github.com/rust-lang/crates.io-index"
checksum = "712e227841d057c1ee1cd2fb22fa7e5a5461ae8e48fa2ca79ec42cfc1931183f"
